<?xml version="1.0" encoding="utf-8"?>
<Project ToolsVersion="4.0" xmlns="http://schemas.microsoft.com/developer/msbuild/2003">
  <ItemGroup>
    <ClCompile Include="Source.cpp">
      <Filter>Source Files</Filter>
    </ClCompile>
    <ClCompile Include="CommonFunc.cpp">
      <Filter>Source Files</Filter>
    </ClCompile>
    <ClCompile Include="DataFunc.cpp">
      <Filter>Source Files</Filter>
    </ClCompile>
    <ClCompile Include="LogHistory.cpp">
      <Filter>Samnuel</Filter>
    </ClCompile>
  </ItemGroup>
  <ItemGroup>
    <ClInclude Include="CommonFunc.h">
      <Filter>Header Files</Filter>
    </ClInclude>
    <ClInclude Include="Data.h">
      <Filter>Header Files</Filter>
    </ClInclude>
  </ItemGroup>
  <ItemGroup>
    <Filter Include="Header Files">
      <UniqueIdentifier>{d3b37247-6021-4179-a026-4ffeff873486}</UniqueIdentifier>
    </Filter>
    <Filter Include="Source Files">
      <UniqueIdentifier>{c0689934-73fb-49c3-a1f9-5944c1128ae9}</UniqueIdentifier>
    </Filter>
    <Filter Include="Samnuel">
      <UniqueIdentifier>{02334cfd-8fa4-4cc8-8c56-95f3a6facfdd}</UniqueIdentifier>
    </Filter>
    <Filter Include="BaoBao">
      <UniqueIdentifier>{d0135847-0ef6-4e07-b216-7aae2b52a3a4}</UniqueIdentifier>
    </Filter>
    <Filter Include="PNguyen">
      <UniqueIdentifier>{c644158d-29ca-4f20-bc21-a8b1f188df21}</UniqueIdentifier>
    </Filter>
  </ItemGroup>
</Project>