<?xml version="1.0" encoding="utf-8"?>
<Project ToolsVersion="4.0" xmlns="http://schemas.microsoft.com/developer/msbuild/2003">
  <ItemGroup>
    <ClCompile Include="Source.cpp">
      <Filter>Source Files</Filter>
    </ClCompile>
    <ClCompile Include="CommonFunc.cpp">
      <Filter>Source Files</Filter>
    </ClCompile>
    <ClCompile Include="DataFunc.cpp">
      <Filter>Source Files</Filter>
    </ClCompile>
  </ItemGroup>
  <ItemGroup>
    <ClInclude Include="CommonFunc.h">
      <Filter>Header Files</Filter>
    </ClInclude>
    <ClInclude Include="Data.h">
      <Filter>Header Files</Filter>
    </ClInclude>
  </ItemGroup>
  <ItemGroup>
    <Filter Include="Header Files">
      <UniqueIdentifier>{d3b37247-6021-4179-a026-4ffeff873486}</UniqueIdentifier>
    </Filter>
    <Filter Include="Source Files">
      <UniqueIdentifier>{c0689934-73fb-49c3-a1f9-5944c1128ae9}</UniqueIdentifier>
    </Filter>
    <Filter Include="Samuel">
      <UniqueIdentifier>{f4e71198-0228-439f-b11b-13d32308b382}</UniqueIdentifier>
    </Filter>
    <Filter Include="BaoBao">
      <UniqueIdentifier>{d5f3b999-c904-43ff-ac56-df43fefa7d62}</UniqueIdentifier>
    </Filter>
    <Filter Include="PNguyen">
      <UniqueIdentifier>{809c1226-3531-40e1-b7fd-4885be8d781c}</UniqueIdentifier>
    </Filter>
  </ItemGroup>
</Project>